// !$*UTF8*$!
{
	archiveVersion = 1;
	classes = {
	};
	objectVersion = 48;
	objects = {

/* Begin PBXBuildFile section */
		10F47EBF1F852B7C00B1A387 /* AppDelegate.swift in Sources */ = {isa = PBXBuildFile; fileRef = 10F47EBE1F852B7C00B1A387 /* AppDelegate.swift */; };
		10F47EC11F852B7C00B1A387 /* ViewController.swift in Sources */ = {isa = PBXBuildFile; fileRef = 10F47EC01F852B7C00B1A387 /* ViewController.swift */; };
		10F47EC41F852B7C00B1A387 /* Main.storyboard in Resources */ = {isa = PBXBuildFile; fileRef = 10F47EC21F852B7C00B1A387 /* Main.storyboard */; };
		10F47EC71F852B7C00B1A387 /* EkoChallenge.xcdatamodeld in Sources */ = {isa = PBXBuildFile; fileRef = 10F47EC51F852B7C00B1A387 /* EkoChallenge.xcdatamodeld */; };
		10F47EC91F852B7C00B1A387 /* Assets.xcassets in Resources */ = {isa = PBXBuildFile; fileRef = 10F47EC81F852B7C00B1A387 /* Assets.xcassets */; };
		10F47ECC1F852B7C00B1A387 /* LaunchScreen.storyboard in Resources */ = {isa = PBXBuildFile; fileRef = 10F47ECA1F852B7C00B1A387 /* LaunchScreen.storyboard */; };
		10F47ED71F852B7C00B1A387 /* EkoChallengeTests.swift in Sources */ = {isa = PBXBuildFile; fileRef = 10F47ED61F852B7C00B1A387 /* EkoChallengeTests.swift */; };
		10F47EE21F852B7C00B1A387 /* EkoChallengeUITests.swift in Sources */ = {isa = PBXBuildFile; fileRef = 10F47EE11F852B7C00B1A387 /* EkoChallengeUITests.swift */; };
/* End PBXBuildFile section */

/* Begin PBXContainerItemProxy section */
		10F47ED31F852B7C00B1A387 /* PBXContainerItemProxy */ = {
			isa = PBXContainerItemProxy;
			containerPortal = 10F47EB31F852B7C00B1A387 /* Project object */;
			proxyType = 1;
			remoteGlobalIDString = 10F47EBA1F852B7C00B1A387;
			remoteInfo = EkoChallenge;
		};
		10F47EDE1F852B7C00B1A387 /* PBXContainerItemProxy */ = {
			isa = PBXContainerItemProxy;
			containerPortal = 10F47EB31F852B7C00B1A387 /* Project object */;
			proxyType = 1;
			remoteGlobalIDString = 10F47EBA1F852B7C00B1A387;
			remoteInfo = EkoChallenge;
		};
/* End PBXContainerItemProxy section */

/* Begin PBXFileReference section */
		10F47EBB1F852B7C00B1A387 /* EkoChallenge.app */ = {isa = PBXFileReference; explicitFileType = wrapper.application; includeInIndex = 0; path = EkoChallenge.app; sourceTree = BUILT_PRODUCTS_DIR; };
		10F47EBE1F852B7C00B1A387 /* AppDelegate.swift */ = {isa = PBXFileReference; lastKnownFileType = sourcecode.swift; path = AppDelegate.swift; sourceTree = "<group>"; };
		10F47EC01F852B7C00B1A387 /* ViewController.swift */ = {isa = PBXFileReference; lastKnownFileType = sourcecode.swift; path = ViewController.swift; sourceTree = "<group>"; };
		10F47EC31F852B7C00B1A387 /* Base */ = {isa = PBXFileReference; lastKnownFileType = file.storyboard; name = Base; path = Base.lproj/Main.storyboard; sourceTree = "<group>"; };
		10F47EC61F852B7C00B1A387 /* EkoChallenge.xcdatamodel */ = {isa = PBXFileReference; lastKnownFileType = wrapper.xcdatamodel; path = EkoChallenge.xcdatamodel; sourceTree = "<group>"; };
		10F47EC81F852B7C00B1A387 /* Assets.xcassets */ = {isa = PBXFileReference; lastKnownFileType = folder.assetcatalog; path = Assets.xcassets; sourceTree = "<group>"; };
		10F47ECB1F852B7C00B1A387 /* Base */ = {isa = PBXFileReference; lastKnownFileType = file.storyboard; name = Base; path = Base.lproj/LaunchScreen.storyboard; sourceTree = "<group>"; };
		10F47ECD1F852B7C00B1A387 /* Info.plist */ = {isa = PBXFileReference; lastKnownFileType = text.plist.xml; path = Info.plist; sourceTree = "<group>"; };
		10F47ED21F852B7C00B1A387 /* EkoChallengeTests.xctest */ = {isa = PBXFileReference; explicitFileType = wrapper.cfbundle; includeInIndex = 0; path = EkoChallengeTests.xctest; sourceTree = BUILT_PRODUCTS_DIR; };
		10F47ED61F852B7C00B1A387 /* EkoChallengeTests.swift */ = {isa = PBXFileReference; lastKnownFileType = sourcecode.swift; path = EkoChallengeTests.swift; sourceTree = "<group>"; };
		10F47ED81F852B7C00B1A387 /* Info.plist */ = {isa = PBXFileReference; lastKnownFileType = text.plist.xml; path = Info.plist; sourceTree = "<group>"; };
		10F47EDD1F852B7C00B1A387 /* EkoChallengeUITests.xctest */ = {isa = PBXFileReference; explicitFileType = wrapper.cfbundle; includeInIndex = 0; path = EkoChallengeUITests.xctest; sourceTree = BUILT_PRODUCTS_DIR; };
		10F47EE11F852B7C00B1A387 /* EkoChallengeUITests.swift */ = {isa = PBXFileReference; lastKnownFileType = sourcecode.swift; path = EkoChallengeUITests.swift; sourceTree = "<group>"; };
		10F47EE31F852B7C00B1A387 /* Info.plist */ = {isa = PBXFileReference; lastKnownFileType = text.plist.xml; path = Info.plist; sourceTree = "<group>"; };
/* End PBXFileReference section */

/* Begin PBXFrameworksBuildPhase section */
		10F47EB81F852B7C00B1A387 /* Frameworks */ = {
			isa = PBXFrameworksBuildPhase;
			buildActionMask = 2147483647;
			files = (
			);
			runOnlyForDeploymentPostprocessing = 0;
		};
		10F47ECF1F852B7C00B1A387 /* Frameworks */ = {
			isa = PBXFrameworksBuildPhase;
			buildActionMask = 2147483647;
			files = (
			);
			runOnlyForDeploymentPostprocessing = 0;
		};
		10F47EDA1F852B7C00B1A387 /* Frameworks */ = {
			isa = PBXFrameworksBuildPhase;
			buildActionMask = 2147483647;
			files = (
			);
			runOnlyForDeploymentPostprocessing = 0;
		};
/* End PBXFrameworksBuildPhase section */

/* Begin PBXGroup section */
		10F47EB21F852B7C00B1A387 = {
			isa = PBXGroup;
			children = (
				10F47EBD1F852B7C00B1A387 /* EkoChallenge */,
				10F47ED51F852B7C00B1A387 /* EkoChallengeTests */,
				10F47EE01F852B7C00B1A387 /* EkoChallengeUITests */,
				10F47EBC1F852B7C00B1A387 /* Products */,
			);
			sourceTree = "<group>";
		};
		10F47EBC1F852B7C00B1A387 /* Products */ = {
			isa = PBXGroup;
			children = (
				10F47EBB1F852B7C00B1A387 /* EkoChallenge.app */,
				10F47ED21F852B7C00B1A387 /* EkoChallengeTests.xctest */,
				10F47EDD1F852B7C00B1A387 /* EkoChallengeUITests.xctest */,
			);
			name = Products;
			sourceTree = "<group>";
		};
		10F47EBD1F852B7C00B1A387 /* EkoChallenge */ = {
			isa = PBXGroup;
			children = (
				10F47EBE1F852B7C00B1A387 /* AppDelegate.swift */,
				10F47EC01F852B7C00B1A387 /* ViewController.swift */,
				10F47EC21F852B7C00B1A387 /* Main.storyboard */,
				10F47EC81F852B7C00B1A387 /* Assets.xcassets */,
				10F47ECA1F852B7C00B1A387 /* LaunchScreen.storyboard */,
				10F47ECD1F852B7C00B1A387 /* Info.plist */,
				10F47EC51F852B7C00B1A387 /* EkoChallenge.xcdatamodeld */,
			);
			path = EkoChallenge;
			sourceTree = "<group>";
		};
		10F47ED51F852B7C00B1A387 /* EkoChallengeTests */ = {
			isa = PBXGroup;
			children = (
				10F47ED61F852B7C00B1A387 /* EkoChallengeTests.swift */,
				10F47ED81F852B7C00B1A387 /* Info.plist */,
			);
			path = EkoChallengeTests;
			sourceTree = "<group>";
		};
		10F47EE01F852B7C00B1A387 /* EkoChallengeUITests */ = {
			isa = PBXGroup;
			children = (
				10F47EE11F852B7C00B1A387 /* EkoChallengeUITests.swift */,
				10F47EE31F852B7C00B1A387 /* Info.plist */,
			);
			path = EkoChallengeUITests;
			sourceTree = "<group>";
		};
/* End PBXGroup section */

/* Begin PBXNativeTarget section */
		10F47EBA1F852B7C00B1A387 /* EkoChallenge */ = {
			isa = PBXNativeTarget;
			buildConfigurationList = 10F47EE61F852B7C00B1A387 /* Build configuration list for PBXNativeTarget "EkoChallenge" */;
			buildPhases = (
				10F47EB71F852B7C00B1A387 /* Sources */,
				10F47EB81F852B7C00B1A387 /* Frameworks */,
				10F47EB91F852B7C00B1A387 /* Resources */,
			);
			buildRules = (
			);
			dependencies = (
			);
			name = EkoChallenge;
			productName = EkoChallenge;
			productReference = 10F47EBB1F852B7C00B1A387 /* EkoChallenge.app */;
			productType = "com.apple.product-type.application";
		};
		10F47ED11F852B7C00B1A387 /* EkoChallengeTests */ = {
			isa = PBXNativeTarget;
			buildConfigurationList = 10F47EE91F852B7C00B1A387 /* Build configuration list for PBXNativeTarget "EkoChallengeTests" */;
			buildPhases = (
				10F47ECE1F852B7C00B1A387 /* Sources */,
				10F47ECF1F852B7C00B1A387 /* Frameworks */,
				10F47ED01F852B7C00B1A387 /* Resources */,
			);
			buildRules = (
			);
			dependencies = (
				10F47ED41F852B7C00B1A387 /* PBXTargetDependency */,
			);
			name = EkoChallengeTests;
			productName = EkoChallengeTests;
			productReference = 10F47ED21F852B7C00B1A387 /* EkoChallengeTests.xctest */;
			productType = "com.apple.product-type.bundle.unit-test";
		};
		10F47EDC1F852B7C00B1A387 /* EkoChallengeUITests */ = {
			isa = PBXNativeTarget;
			buildConfigurationList = 10F47EEC1F852B7C00B1A387 /* Build configuration list for PBXNativeTarget "EkoChallengeUITests" */;
			buildPhases = (
				10F47ED91F852B7C00B1A387 /* Sources */,
				10F47EDA1F852B7C00B1A387 /* Frameworks */,
				10F47EDB1F852B7C00B1A387 /* Resources */,
			);
			buildRules = (
			);
			dependencies = (
				10F47EDF1F852B7C00B1A387 /* PBXTargetDependency */,
			);
			name = EkoChallengeUITests;
			productName = EkoChallengeUITests;
			productReference = 10F47EDD1F852B7C00B1A387 /* EkoChallengeUITests.xctest */;
			productType = "com.apple.product-type.bundle.ui-testing";
		};
/* End PBXNativeTarget section */

/* Begin PBXProject section */
		10F47EB31F852B7C00B1A387 /* Project object */ = {
			isa = PBXProject;
			attributes = {
				LastSwiftUpdateCheck = 0900;
				LastUpgradeCheck = 0900;
				ORGANIZATIONNAME = "Azis Senoaji Prasetyotomo";
				TargetAttributes = {
					10F47EBA1F852B7C00B1A387 = {
						CreatedOnToolsVersion = 9.0;
						ProvisioningStyle = Automatic;
					};
					10F47ED11F852B7C00B1A387 = {
						CreatedOnToolsVersion = 9.0;
						ProvisioningStyle = Automatic;
						TestTargetID = 10F47EBA1F852B7C00B1A387;
					};
					10F47EDC1F852B7C00B1A387 = {
						CreatedOnToolsVersion = 9.0;
						ProvisioningStyle = Automatic;
						TestTargetID = 10F47EBA1F852B7C00B1A387;
					};
				};
			};
			buildConfigurationList = 10F47EB61F852B7C00B1A387 /* Build configuration list for PBXProject "EkoChallenge" */;
			compatibilityVersion = "Xcode 8.0";
			developmentRegion = en;
			hasScannedForEncodings = 0;
			knownRegions = (
				en,
				Base,
			);
			mainGroup = 10F47EB21F852B7C00B1A387;
			productRefGroup = 10F47EBC1F852B7C00B1A387 /* Products */;
			projectDirPath = "";
			projectRoot = "";
			targets = (
				10F47EBA1F852B7C00B1A387 /* EkoChallenge */,
				10F47ED11F852B7C00B1A387 /* EkoChallengeTests */,
				10F47EDC1F852B7C00B1A387 /* EkoChallengeUITests */,
			);
		};
/* End PBXProject section */

/* Begin PBXResourcesBuildPhase section */
		10F47EB91F852B7C00B1A387 /* Resources */ = {
			isa = PBXResourcesBuildPhase;
			buildActionMask = 2147483647;
			files = (
				10F47ECC1F852B7C00B1A387 /* LaunchScreen.storyboard in Resources */,
				10F47EC91F852B7C00B1A387 /* Assets.xcassets in Resources */,
				10F47EC41F852B7C00B1A387 /* Main.storyboard in Resources */,
			);
			runOnlyForDeploymentPostprocessing = 0;
		};
		10F47ED01F852B7C00B1A387 /* Resources */ = {
			isa = PBXResourcesBuildPhase;
			buildActionMask = 2147483647;
			files = (
			);
			runOnlyForDeploymentPostprocessing = 0;
		};
		10F47EDB1F852B7C00B1A387 /* Resources */ = {
			isa = PBXResourcesBuildPhase;
			buildActionMask = 2147483647;
			files = (
			);
			runOnlyForDeploymentPostprocessing = 0;
		};
/* End PBXResourcesBuildPhase section */

/* Begin PBXSourcesBuildPhase section */
		10F47EB71F852B7C00B1A387 /* Sources */ = {
			isa = PBXSourcesBuildPhase;
			buildActionMask = 2147483647;
			files = (
				10F47EC11F852B7C00B1A387 /* ViewController.swift in Sources */,
				10F47EBF1F852B7C00B1A387 /* AppDelegate.swift in Sources */,
				10F47EC71F852B7C00B1A387 /* EkoChallenge.xcdatamodeld in Sources */,
			);
			runOnlyForDeploymentPostprocessing = 0;
		};
		10F47ECE1F852B7C00B1A387 /* Sources */ = {
			isa = PBXSourcesBuildPhase;
			buildActionMask = 2147483647;
			files = (
				10F47ED71F852B7C00B1A387 /* EkoChallengeTests.swift in Sources */,
			);
			runOnlyForDeploymentPostprocessing = 0;
		};
		10F47ED91F852B7C00B1A387 /* Sources */ = {
			isa = PBXSourcesBuildPhase;
			buildActionMask = 2147483647;
			files = (
				10F47EE21F852B7C00B1A387 /* EkoChallengeUITests.swift in Sources */,
			);
			runOnlyForDeploymentPostprocessing = 0;
		};
/* End PBXSourcesBuildPhase section */

/* Begin PBXTargetDependency section */
		10F47ED41F852B7C00B1A387 /* PBXTargetDependency */ = {
			isa = PBXTargetDependency;
			target = 10F47EBA1F852B7C00B1A387 /* EkoChallenge */;
			targetProxy = 10F47ED31F852B7C00B1A387 /* PBXContainerItemProxy */;
		};
		10F47EDF1F852B7C00B1A387 /* PBXTargetDependency */ = {
			isa = PBXTargetDependency;
			target = 10F47EBA1F852B7C00B1A387 /* EkoChallenge */;
			targetProxy = 10F47EDE1F852B7C00B1A387 /* PBXContainerItemProxy */;
		};
/* End PBXTargetDependency section */

/* Begin PBXVariantGroup section */
		10F47EC21F852B7C00B1A387 /* Main.storyboard */ = {
			isa = PBXVariantGroup;
			children = (
				10F47EC31F852B7C00B1A387 /* Base */,
			);
			name = Main.storyboard;
			sourceTree = "<group>";
		};
		10F47ECA1F852B7C00B1A387 /* LaunchScreen.storyboard */ = {
			isa = PBXVariantGroup;
			children = (
				10F47ECB1F852B7C00B1A387 /* Base */,
			);
			name = LaunchScreen.storyboard;
			sourceTree = "<group>";
		};
/* End PBXVariantGroup section */

/* Begin XCBuildConfiguration section */
		10F47EE41F852B7C00B1A387 /* Debug */ = {
			isa = XCBuildConfiguration;
			buildSettings = {
				ALWAYS_SEARCH_USER_PATHS = NO;
				CLANG_ANALYZER_NONNULL = YES;
				CLANG_ANALYZER_NUMBER_OBJECT_CONVERSION = YES_AGGRESSIVE;
				CLANG_CXX_LANGUAGE_STANDARD = "gnu++14";
				CLANG_CXX_LIBRARY = "libc++";
				CLANG_ENABLE_MODULES = YES;
				CLANG_ENABLE_OBJC_ARC = YES;
				CLANG_WARN_BLOCK_CAPTURE_AUTORELEASING = YES;
				CLANG_WARN_BOOL_CONVERSION = YES;
				CLANG_WARN_COMMA = YES;
				CLANG_WARN_CONSTANT_CONVERSION = YES;
				CLANG_WARN_DIRECT_OBJC_ISA_USAGE = YES_ERROR;
				CLANG_WARN_DOCUMENTATION_COMMENTS = YES;
				CLANG_WARN_EMPTY_BODY = YES;
				CLANG_WARN_ENUM_CONVERSION = YES;
				CLANG_WARN_INFINITE_RECURSION = YES;
				CLANG_WARN_INT_CONVERSION = YES;
				CLANG_WARN_NON_LITERAL_NULL_CONVERSION = YES;
				CLANG_WARN_OBJC_LITERAL_CONVERSION = YES;
				CLANG_WARN_OBJC_ROOT_CLASS = YES_ERROR;
				CLANG_WARN_RANGE_LOOP_ANALYSIS = YES;
				CLANG_WARN_STRICT_PROTOTYPES = YES;
				CLANG_WARN_SUSPICIOUS_MOVE = YES;
				CLANG_WARN_UNGUARDED_AVAILABILITY = YES_AGGRESSIVE;
				CLANG_WARN_UNREACHABLE_CODE = YES;
				CLANG_WARN__DUPLICATE_METHOD_MATCH = YES;
				CODE_SIGN_IDENTITY = "iPhone Developer";
				COPY_PHASE_STRIP = NO;
				DEBUG_INFORMATION_FORMAT = dwarf;
				ENABLE_STRICT_OBJC_MSGSEND = YES;
				ENABLE_TESTABILITY = YES;
				GCC_C_LANGUAGE_STANDARD = gnu11;
				GCC_DYNAMIC_NO_PIC = NO;
				GCC_NO_COMMON_BLOCKS = YES;
				GCC_OPTIMIZATION_LEVEL = 0;
				GCC_PREPROCESSOR_DEFINITIONS = (
					"DEBUG=1",
					"$(inherited)",
				);
				GCC_WARN_64_TO_32_BIT_CONVERSION = YES;
				GCC_WARN_ABOUT_RETURN_TYPE = YES_ERROR;
				GCC_WARN_UNDECLARED_SELECTOR = YES;
				GCC_WARN_UNINITIALIZED_AUTOS = YES_AGGRESSIVE;
				GCC_WARN_UNUSED_FUNCTION = YES;
				GCC_WARN_UNUSED_VARIABLE = YES;
				IPHONEOS_DEPLOYMENT_TARGET = 11.0;
				MTL_ENABLE_DEBUG_INFO = YES;
				ONLY_ACTIVE_ARCH = YES;
				SDKROOT = iphoneos;
				SWIFT_ACTIVE_COMPILATION_CONDITIONS = DEBUG;
				SWIFT_OPTIMIZATION_LEVEL = "-Onone";
			};
			name = Debug;
		};
		10F47EE51F852B7C00B1A387 /* Release */ = {
			isa = XCBuildConfiguration;
			buildSettings = {
				ALWAYS_SEARCH_USER_PATHS = NO;
				CLANG_ANALYZER_NONNULL = YES;
				CLANG_ANALYZER_NUMBER_OBJECT_CONVERSION = YES_AGGRESSIVE;
				CLANG_CXX_LANGUAGE_STANDARD = "gnu++14";
				CLANG_CXX_LIBRARY = "libc++";
				CLANG_ENABLE_MODULES = YES;
				CLANG_ENABLE_OBJC_ARC = YES;
				CLANG_WARN_BLOCK_CAPTURE_AUTORELEASING = YES;
				CLANG_WARN_BOOL_CONVERSION = YES;
				CLANG_WARN_COMMA = YES;
				CLANG_WARN_CONSTANT_CONVERSION = YES;
				CLANG_WARN_DIRECT_OBJC_ISA_USAGE = YES_ERROR;
				CLANG_WARN_DOCUMENTATION_COMMENTS = YES;
				CLANG_WARN_EMPTY_BODY = YES;
				CLANG_WARN_ENUM_CONVERSION = YES;
				CLANG_WARN_INFINITE_RECURSION = YES;
				CLANG_WARN_INT_CONVERSION = YES;
				CLANG_WARN_NON_LITERAL_NULL_CONVERSION = YES;
				CLANG_WARN_OBJC_LITERAL_CONVERSION = YES;
				CLANG_WARN_OBJC_ROOT_CLASS = YES_ERROR;
				CLANG_WARN_RANGE_LOOP_ANALYSIS = YES;
				CLANG_WARN_STRICT_PROTOTYPES = YES;
				CLANG_WARN_SUSPICIOUS_MOVE = YES;
				CLANG_WARN_UNGUARDED_AVAILABILITY = YES_AGGRESSIVE;
				CLANG_WARN_UNREACHABLE_CODE = YES;
				CLANG_WARN__DUPLICATE_METHOD_MATCH = YES;
				CODE_SIGN_IDENTITY = "iPhone Developer";
				COPY_PHASE_STRIP = NO;
				DEBUG_INFORMATION_FORMAT = "dwarf-with-dsym";
				ENABLE_NS_ASSERTIONS = NO;
				ENABLE_STRICT_OBJC_MSGSEND = YES;
				GCC_C_LANGUAGE_STANDARD = gnu11;
				GCC_NO_COMMON_BLOCKS = YES;
				GCC_WARN_64_TO_32_BIT_CONVERSION = YES;
				GCC_WARN_ABOUT_RETURN_TYPE = YES_ERROR;
				GCC_WARN_UNDECLARED_SELECTOR = YES;
				GCC_WARN_UNINITIALIZED_AUTOS = YES_AGGRESSIVE;
				GCC_WARN_UNUSED_FUNCTION = YES;
				GCC_WARN_UNUSED_VARIABLE = YES;
				IPHONEOS_DEPLOYMENT_TARGET = 11.0;
				MTL_ENABLE_DEBUG_INFO = NO;
				SDKROOT = iphoneos;
				SWIFT_OPTIMIZATION_LEVEL = "-Owholemodule";
				VALIDATE_PRODUCT = YES;
			};
			name = Release;
		};
		10F47EE71F852B7C00B1A387 /* Debug */ = {
			isa = XCBuildConfiguration;
			buildSettings = {
				ASSETCATALOG_COMPILER_APPICON_NAME = AppIcon;
				CODE_SIGN_STYLE = Automatic;
				DEVELOPMENT_TEAM = 7TK32MKP4J;
				INFOPLIST_FILE = EkoChallenge/Info.plist;
				LD_RUNPATH_SEARCH_PATHS = "$(inherited) @executable_path/Frameworks";
				PRODUCT_BUNDLE_IDENTIFIER = it.siza.EkoChallenge;
				PRODUCT_NAME = "$(TARGET_NAME)";
				SWIFT_VERSION = 4.0;
				TARGETED_DEVICE_FAMILY = "1,2";
			};
			name = Debug;
		};
		10F47EE81F852B7C00B1A387 /* Release */ = {
			isa = XCBuildConfiguration;
			buildSettings = {
				ASSETCATALOG_COMPILER_APPICON_NAME = AppIcon;
				CODE_SIGN_STYLE = Automatic;
				DEVELOPMENT_TEAM = 7TK32MKP4J;
				INFOPLIST_FILE = EkoChallenge/Info.plist;
				LD_RUNPATH_SEARCH_PATHS = "$(inherited) @executable_path/Frameworks";
				PRODUCT_BUNDLE_IDENTIFIER = it.siza.EkoChallenge;
				PRODUCT_NAME = "$(TARGET_NAME)";
				SWIFT_VERSION = 4.0;
				TARGETED_DEVICE_FAMILY = "1,2";
			};
			name = Release;
		};
		10F47EEA1F852B7C00B1A387 /* Debug */ = {
			isa = XCBuildConfiguration;
			buildSettings = {
				ALWAYS_EMBED_SWIFT_STANDARD_LIBRARIES = YES;
				BUNDLE_LOADER = "$(TEST_HOST)";
				CODE_SIGN_STYLE = Automatic;
				DEVELOPMENT_TEAM = 7TK32MKP4J;
				INFOPLIST_FILE = EkoChallengeTests/Info.plist;
				LD_RUNPATH_SEARCH_PATHS = "$(inherited) @executable_path/Frameworks @loader_path/Frameworks";
				PRODUCT_BUNDLE_IDENTIFIER = it.siza.EkoChallengeTests;
				PRODUCT_NAME = "$(TARGET_NAME)";
				SWIFT_VERSION = 4.0;
				TARGETED_DEVICE_FAMILY = "1,2";
				TEST_HOST = "$(BUILT_PRODUCTS_DIR)/EkoChallenge.app/EkoChallenge";
			};
			name = Debug;
		};
		10F47EEB1F852B7C00B1A387 /* Release */ = {
			isa = XCBuildConfiguration;
			buildSettings = {
				ALWAYS_EMBED_SWIFT_STANDARD_LIBRARIES = YES;
				BUNDLE_LOADER = "$(TEST_HOST)";
				CODE_SIGN_STYLE = Automatic;
				DEVELOPMENT_TEAM = 7TK32MKP4J;
				INFOPLIST_FILE = EkoChallengeTests/Info.plist;
				LD_RUNPATH_SEARCH_PATHS = "$(inherited) @executable_path/Frameworks @loader_path/Frameworks";
				PRODUCT_BUNDLE_IDENTIFIER = it.siza.EkoChallengeTests;
				PRODUCT_NAME = "$(TARGET_NAME)";
				SWIFT_VERSION = 4.0;
				TARGETED_DEVICE_FAMILY = "1,2";
				TEST_HOST = "$(BUILT_PRODUCTS_DIR)/EkoChallenge.app/EkoChallenge";
			};
			name = Release;
		};
		10F47EED1F852B7C00B1A387 /* Debug */ = {
			isa = XCBuildConfiguration;
			buildSettings = {
				ALWAYS_EMBED_SWIFT_STANDARD_LIBRARIES = YES;
				CODE_SIGN_STYLE = Automatic;
				DEVELOPMENT_TEAM = 7TK32MKP4J;
				INFOPLIST_FILE = EkoChallengeUITests/Info.plist;
				LD_RUNPATH_SEARCH_PATHS = "$(inherited) @executable_path/Frameworks @loader_path/Frameworks";
				PRODUCT_BUNDLE_IDENTIFIER = it.siza.EkoChallengeUITests;
				PRODUCT_NAME = "$(TARGET_NAME)";
				SWIFT_VERSION = 4.0;
				TARGETED_DEVICE_FAMILY = "1,2";
				TEST_TARGET_NAME = EkoChallenge;
			};
			name = Debug;
		};
		10F47EEE1F852B7C00B1A387 /* Release */ = {
			isa = XCBuildConfiguration;
			buildSettings = {
				ALWAYS_EMBED_SWIFT_STANDARD_LIBRARIES = YES;
				CODE_SIGN_STYLE = Automatic;
				DEVELOPMENT_TEAM = 7TK32MKP4J;
				INFOPLIST_FILE = EkoChallengeUITests/Info.plist;
				LD_RUNPATH_SEARCH_PATHS = "$(inherited) @executable_path/Frameworks @loader_path/Frameworks";
				PRODUCT_BUNDLE_IDENTIFIER = it.siza.EkoChallengeUITests;
				PRODUCT_NAME = "$(TARGET_NAME)";
				SWIFT_VERSION = 4.0;
				TARGETED_DEVICE_FAMILY = "1,2";
				TEST_TARGET_NAME = EkoChallenge;
			};
			name = Release;
		};
/* End XCBuildConfiguration section */

/* Begin XCConfigurationList section */
		10F47EB61F852B7C00B1A387 /* Build configuration list for PBXProject "EkoChallenge" */ = {
			isa = XCConfigurationList;
			buildConfigurations = (
				10F47EE41F852B7C00B1A387 /* Debug */,
				10F47EE51F852B7C00B1A387 /* Release */,
			);
			defaultConfigurationIsVisible = 0;
			defaultConfigurationName = Release;
		};
		10F47EE61F852B7C00B1A387 /* Build configuration list for PBXNativeTarget "EkoChallenge" */ = {
			isa = XCConfigurationList;
			buildConfigurations = (
				10F47EE71F852B7C00B1A387 /* Debug */,
				10F47EE81F852B7C00B1A387 /* Release */,
			);
			defaultConfigurationIsVisible = 0;
			defaultConfigurationName = Release;
		};
		10F47EE91F852B7C00B1A387 /* Build configuration list for PBXNativeTarget "EkoChallengeTests" */ = {
			isa = XCConfigurationList;
			buildConfigurations = (
				10F47EEA1F852B7C00B1A387 /* Debug */,
				10F47EEB1F852B7C00B1A387 /* Release */,
			);
			defaultConfigurationIsVisible = 0;
			defaultConfigurationName = Release;
		};
		10F47EEC1F852B7C00B1A387 /* Build configuration list for PBXNativeTarget "EkoChallengeUITests" */ = {
			isa = XCConfigurationList;
			buildConfigurations = (
				10F47EED1F852B7C00B1A387 /* Debug */,
				10F47EEE1F852B7C00B1A387 /* Release */,
			);
			defaultConfigurationIsVisible = 0;
			defaultConfigurationName = Release;
		};
/* End XCConfigurationList section */

/* Begin XCVersionGroup section */
		10F47EC51F852B7C00B1A387 /* EkoChallenge.xcdatamodeld */ = {
			isa = XCVersionGroup;
			children = (
				10F47EC61F852B7C00B1A387 /* EkoChallenge.xcdatamodel */,
			);
			currentVersion = 10F47EC61F852B7C00B1A387 /* EkoChallenge.xcdatamodel */;
			path = EkoChallenge.xcdatamodeld;
			sourceTree = "<group>";
			versionGroupType = wrapper.xcdatamodel;
		};
/* End XCVersionGroup section */
	};
	rootObject = 10F47EB31F852B7C00B1A387 /* Project object */;
}
